
Microsoft Visual Studio Solution File, Format Version 12.00
# Visual Studio Version 18
VisualStudioVersion = 18.8.12009.203
MinimumVisualStudioVersion = 10.0.40219.1
Project("{FAE04EC0-301F-11D3-BF4B-00C04F79EFBC}") = "delivery", "delivery.csproj", "{F3F13461-E91A-4D84-BCFF-778DF451BDCA}"
EndProject
Project("{FAE04EC0-301F-11D3-BF4B-00C04F79EFBC}") = "delivery.Data", "..\delivery.Data\delivery.Data.csproj", "{34EA31AA-2E2B-4462-A7C9-1305F80A5A59}"
EndProject
Global
	GlobalSection(SolutionConfigurationPlatforms) = preSolution
		Debug|Any CPU = Debug|Any CPU
		Release|Any CPU = Release|Any CPU
	EndGlobalSection
	GlobalSection(ProjectConfigurationPlatforms) = postSolution
		{F3F13461-E91A-4D84-BCFF-778DF451BDCA}.Debug|Any CPU.ActiveCfg = Debug|Any CPU
		{F3F13461-E91A-4D84-BCFF-778DF451BDCA}.Debug|Any CPU.Build.0 = Debug|Any CPU
		{F3F13461-E91A-4D84-BCFF-778DF451BDCA}.Release|Any CPU.ActiveCfg = Release|Any CPU
		{F3F13461-E91A-4D84-BCFF-778DF451BDCA}.Release|Any CPU.Build.0 = Release|Any CPU
		{34EA31AA-2E2B-4462-A7C9-1305F80A5A59}.Debug|Any CPU.ActiveCfg = Debug|Any CPU
		{34EA31AA-2E2B-4462-A7C9-1305F80A5A59}.Debug|Any CPU.Build.0 = Debug|Any CPU
		{34EA31AA-2E2B-4462-A7C9-1305F80A5A59}.Release|Any CPU.ActiveCfg = Release|Any CPU
		{34EA31AA-2E2B-4462-A7C9-1305F80A5A59}.Release|Any CPU.Build.0 = Release|Any CPU
	EndGlobalSection
	GlobalSection(SolutionProperties) = preSolution
		HideSolutionNode = FALSE
	EndGlobalSection
	GlobalSection(ExtensibilityGlobals) = postSolution
		SolutionGuid = {C8F2275A-F577-4C54-9032-B380F0A51742}
	EndGlobalSection
EndGlobal
